// !$*UTF8*$!
{
	archiveVersion = 1;
	classes = {
	};
	objectVersion = 50;
	objects = {

/* Begin PBXBuildFile section */
		127D5855BD58DF56B4F6E5A4 /* Pods_MyList.framework in Frameworks */ = {isa = PBXBuildFile; fileRef = F0B1D579FEBC44F1568F6379 /* Pods_MyList.framework */; };
		730E197220AE617600BACDAA /* AppDelegate.swift in Sources */ = {isa = PBXBuildFile; fileRef = 730E197120AE617600BACDAA /* AppDelegate.swift */; };
		730E197720AE617600BACDAA /* Main.storyboard in Resources */ = {isa = PBXBuildFile; fileRef = 730E197520AE617600BACDAA /* Main.storyboard */; };
		730E197920AE617700BACDAA /* Assets.xcassets in Resources */ = {isa = PBXBuildFile; fileRef = 730E197820AE617700BACDAA /* Assets.xcassets */; };
		730E197C20AE617700BACDAA /* LaunchScreen.storyboard in Resources */ = {isa = PBXBuildFile; fileRef = 730E197A20AE617700BACDAA /* LaunchScreen.storyboard */; };
		730E198A20AE6E3A00BACDAA /* BindableType.swift in Sources */ = {isa = PBXBuildFile; fileRef = 730E198920AE6E3A00BACDAA /* BindableType.swift */; };
/* End PBXBuildFile section */

/* Begin PBXFileReference section */
		730E196E20AE617600BACDAA /* MyList.app */ = {isa = PBXFileReference; explicitFileType = wrapper.application; includeInIndex = 0; path = MyList.app; sourceTree = BUILT_PRODUCTS_DIR; };
		730E197120AE617600BACDAA /* AppDelegate.swift */ = {isa = PBXFileReference; lastKnownFileType = sourcecode.swift; path = AppDelegate.swift; sourceTree = "<group>"; };
		730E197620AE617600BACDAA /* Base */ = {isa = PBXFileReference; lastKnownFileType = file.storyboard; name = Base; path = Base.lproj/Main.storyboard; sourceTree = "<group>"; };
		730E197820AE617700BACDAA /* Assets.xcassets */ = {isa = PBXFileReference; lastKnownFileType = folder.assetcatalog; path = Assets.xcassets; sourceTree = "<group>"; };
		730E197B20AE617700BACDAA /* Base */ = {isa = PBXFileReference; lastKnownFileType = file.storyboard; name = Base; path = Base.lproj/LaunchScreen.storyboard; sourceTree = "<group>"; };
		730E197D20AE617700BACDAA /* Info.plist */ = {isa = PBXFileReference; lastKnownFileType = text.plist.xml; path = Info.plist; sourceTree = "<group>"; };
		730E198920AE6E3A00BACDAA /* BindableType.swift */ = {isa = PBXFileReference; lastKnownFileType = sourcecode.swift; path = BindableType.swift; sourceTree = "<group>"; };
		CC975916B8342FACF0339A65 /* Pods-MyList.debug.xcconfig */ = {isa = PBXFileReference; includeInIndex = 1; lastKnownFileType = text.xcconfig; name = "Pods-MyList.debug.xcconfig"; path = "Pods/Target Support Files/Pods-MyList/Pods-MyList.debug.xcconfig"; sourceTree = "<group>"; };
		EAA9BEB5D7D777395150B180 /* Pods-MyList.release.xcconfig */ = {isa = PBXFileReference; includeInIndex = 1; lastKnownFileType = text.xcconfig; name = "Pods-MyList.release.xcconfig"; path = "Pods/Target Support Files/Pods-MyList/Pods-MyList.release.xcconfig"; sourceTree = "<group>"; };
		F0B1D579FEBC44F1568F6379 /* Pods_MyList.framework */ = {isa = PBXFileReference; explicitFileType = wrapper.framework; includeInIndex = 0; path = Pods_MyList.framework; sourceTree = BUILT_PRODUCTS_DIR; };
/* End PBXFileReference section */

/* Begin PBXFrameworksBuildPhase section */
		730E196B20AE617600BACDAA /* Frameworks */ = {
			isa = PBXFrameworksBuildPhase;
			buildActionMask = 2147483647;
			files = (
				127D5855BD58DF56B4F6E5A4 /* Pods_MyList.framework in Frameworks */,
			);
			runOnlyForDeploymentPostprocessing = 0;
		};
/* End PBXFrameworksBuildPhase section */

/* Begin PBXGroup section */
		730E196520AE617600BACDAA = {
			isa = PBXGroup;
			children = (
				730E197020AE617600BACDAA /* MyList */,
				730E196F20AE617600BACDAA /* Products */,
				AFF5642787AFBE9971F584DC /* Pods */,
				B5965BACAF5EB16AAC5A3D15 /* Frameworks */,
			);
			sourceTree = "<group>";
		};
		730E196F20AE617600BACDAA /* Products */ = {
			isa = PBXGroup;
			children = (
				730E196E20AE617600BACDAA /* MyList.app */,
			);
			name = Products;
			sourceTree = "<group>";
		};
		730E197020AE617600BACDAA /* MyList */ = {
			isa = PBXGroup;
			children = (
				730E197120AE617600BACDAA /* AppDelegate.swift */,
				730E197520AE617600BACDAA /* Main.storyboard */,
				730E198720AE6CCF00BACDAA /* Model */,
				730E198420AE6C8500BACDAA /* Scenes */,
				730E198820AE6CE500BACDAA /* Controllers */,
				730E198520AE6CB200BACDAA /* Services */,
				730E198620AE6CC100BACDAA /* Extensions */,
				730E197820AE617700BACDAA /* Assets.xcassets */,
				730E197D20AE617700BACDAA /* Info.plist */,
				730E198B20AE700800BACDAA /* Other Resources */,
			);
			path = MyList;
			sourceTree = "<group>";
		};
		730E198420AE6C8500BACDAA /* Scenes */ = {
			isa = PBXGroup;
			children = (
			);
			path = Scenes;
			sourceTree = "<group>";
		};
		730E198520AE6CB200BACDAA /* Services */ = {
			isa = PBXGroup;
			children = (
			);
			path = Services;
			sourceTree = "<group>";
		};
		730E198620AE6CC100BACDAA /* Extensions */ = {
			isa = PBXGroup;
			children = (
			);
			path = Extensions;
			sourceTree = "<group>";
		};
		730E198720AE6CCF00BACDAA /* Model */ = {
			isa = PBXGroup;
			children = (
				730E198920AE6E3A00BACDAA /* BindableType.swift */,
			);
			path = Model;
			sourceTree = "<group>";
		};
		730E198820AE6CE500BACDAA /* Controllers */ = {
			isa = PBXGroup;
			children = (
			);
			path = Controllers;
			sourceTree = "<group>";
		};
		730E198B20AE700800BACDAA /* Other Resources */ = {
			isa = PBXGroup;
			children = (
				730E197A20AE617700BACDAA /* LaunchScreen.storyboard */,
			);
			path = "Other Resources";
			sourceTree = "<group>";
		};
		AFF5642787AFBE9971F584DC /* Pods */ = {
			isa = PBXGroup;
			children = (
				CC975916B8342FACF0339A65 /* Pods-MyList.debug.xcconfig */,
				EAA9BEB5D7D777395150B180 /* Pods-MyList.release.xcconfig */,
			);
			name = Pods;
			sourceTree = "<group>";
		};
		B5965BACAF5EB16AAC5A3D15 /* Frameworks */ = {
			isa = PBXGroup;
			children = (
				F0B1D579FEBC44F1568F6379 /* Pods_MyList.framework */,
			);
			name = Frameworks;
			sourceTree = "<group>";
		};
/* End PBXGroup section */

/* Begin PBXNativeTarget section */
		730E196D20AE617600BACDAA /* MyList */ = {
			isa = PBXNativeTarget;
			buildConfigurationList = 730E198020AE617700BACDAA /* Build configuration list for PBXNativeTarget "MyList" */;
			buildPhases = (
				9C04562EBE9D0258916E1CA8 /* [CP] Check Pods Manifest.lock */,
				730E196A20AE617600BACDAA /* Sources */,
				730E196B20AE617600BACDAA /* Frameworks */,
				730E196C20AE617600BACDAA /* Resources */,
				BFC62D96C608A3CBB81404BC /* [CP] Embed Pods Frameworks */,
			);
			buildRules = (
			);
			dependencies = (
			);
			name = MyList;
			productName = MyList;
			productReference = 730E196E20AE617600BACDAA /* MyList.app */;
			productType = "com.apple.product-type.application";
		};
/* End PBXNativeTarget section */

/* Begin PBXProject section */
		730E196620AE617600BACDAA /* Project object */ = {
			isa = PBXProject;
			attributes = {
				LastSwiftUpdateCheck = 0930;
				LastUpgradeCheck = 0930;
				ORGANIZATIONNAME = "Carlos Villanueva Ousset";
				TargetAttributes = {
					730E196D20AE617600BACDAA = {
						CreatedOnToolsVersion = 9.3;
					};
				};
			};
			buildConfigurationList = 730E196920AE617600BACDAA /* Build configuration list for PBXProject "MyList" */;
			compatibilityVersion = "Xcode 9.3";
			developmentRegion = en;
			hasScannedForEncodings = 0;
			knownRegions = (
				en,
				Base,
			);
			mainGroup = 730E196520AE617600BACDAA;
			productRefGroup = 730E196F20AE617600BACDAA /* Products */;
			projectDirPath = "";
			projectRoot = "";
			targets = (
				730E196D20AE617600BACDAA /* MyList */,
			);
		};
/* End PBXProject section */

/* Begin PBXResourcesBuildPhase section */
		730E196C20AE617600BACDAA /* Resources */ = {
			isa = PBXResourcesBuildPhase;
			buildActionMask = 2147483647;
			files = (
				730E197C20AE617700BACDAA /* LaunchScreen.storyboard in Resources */,
				730E197920AE617700BACDAA /* Assets.xcassets in Resources */,
				730E197720AE617600BACDAA /* Main.storyboard in Resources */,
			);
			runOnlyForDeploymentPostprocessing = 0;
		};
/* End PBXResourcesBuildPhase section */

/* Begin PBXShellScriptBuildPhase section */
		9C04562EBE9D0258916E1CA8 /* [CP] Check Pods Manifest.lock */ = {
			isa = PBXShellScriptBuildPhase;
			buildActionMask = 2147483647;
			files = (
			);
			inputPaths = (
				"${PODS_PODFILE_DIR_PATH}/Podfile.lock",
				"${PODS_ROOT}/Manifest.lock",
			);
			name = "[CP] Check Pods Manifest.lock";
			outputPaths = (
				"$(DERIVED_FILE_DIR)/Pods-MyList-checkManifestLockResult.txt",
			);
			runOnlyForDeploymentPostprocessing = 0;
			shellPath = /bin/sh;
			shellScript = "diff \"${PODS_PODFILE_DIR_PATH}/Podfile.lock\" \"${PODS_ROOT}/Manifest.lock\" > /dev/null\nif [ $? != 0 ] ; then\n    # print error to STDERR\n    echo \"error: The sandbox is not in sync with the Podfile.lock. Run 'pod install' or update your CocoaPods installation.\" >&2\n    exit 1\nfi\n# This output is used by Xcode 'outputs' to avoid re-running this script phase.\necho \"SUCCESS\" > \"${SCRIPT_OUTPUT_FILE_0}\"\n";
			showEnvVarsInLog = 0;
		};
		BFC62D96C608A3CBB81404BC /* [CP] Embed Pods Frameworks */ = {
			isa = PBXShellScriptBuildPhase;
			buildActionMask = 2147483647;
			files = (
			);
			inputPaths = (
				"${SRCROOT}/Pods/Target Support Files/Pods-MyList/Pods-MyList-frameworks.sh",
				"${BUILT_PRODUCTS_DIR}/Action/Action.framework",
				"${BUILT_PRODUCTS_DIR}/Differentiator/Differentiator.framework",
				"${BUILT_PRODUCTS_DIR}/Realm/Realm.framework",
				"${BUILT_PRODUCTS_DIR}/RealmSwift/RealmSwift.framework",
				"${BUILT_PRODUCTS_DIR}/RxCocoa/RxCocoa.framework",
				"${BUILT_PRODUCTS_DIR}/RxDataSources/RxDataSources.framework",
				"${BUILT_PRODUCTS_DIR}/RxRealm/RxRealm.framework",
				"${BUILT_PRODUCTS_DIR}/RxSwift/RxSwift.framework",
				"${BUILT_PRODUCTS_DIR}/SnapKit/SnapKit.framework",
			);
			name = "[CP] Embed Pods Frameworks";
			outputPaths = (
				"${TARGET_BUILD_DIR}/${FRAMEWORKS_FOLDER_PATH}/Action.framework",
				"${TARGET_BUILD_DIR}/${FRAMEWORKS_FOLDER_PATH}/Differentiator.framework",
				"${TARGET_BUILD_DIR}/${FRAMEWORKS_FOLDER_PATH}/Realm.framework",
				"${TARGET_BUILD_DIR}/${FRAMEWORKS_FOLDER_PATH}/RealmSwift.framework",
				"${TARGET_BUILD_DIR}/${FRAMEWORKS_FOLDER_PATH}/RxCocoa.framework",
				"${TARGET_BUILD_DIR}/${FRAMEWORKS_FOLDER_PATH}/RxDataSources.framework",
				"${TARGET_BUILD_DIR}/${FRAMEWORKS_FOLDER_PATH}/RxRealm.framework",
				"${TARGET_BUILD_DIR}/${FRAMEWORKS_FOLDER_PATH}/RxSwift.framework",
				"${TARGET_BUILD_DIR}/${FRAMEWORKS_FOLDER_PATH}/SnapKit.framework",
			);
			runOnlyForDeploymentPostprocessing = 0;
			shellPath = /bin/sh;
			shellScript = "\"${SRCROOT}/Pods/Target Support Files/Pods-MyList/Pods-MyList-frameworks.sh\"\n";
			showEnvVarsInLog = 0;
		};
/* End PBXShellScriptBuildPhase section */

/* Begin PBXSourcesBuildPhase section */
		730E196A20AE617600BACDAA /* Sources */ = {
			isa = PBXSourcesBuildPhase;
			buildActionMask = 2147483647;
			files = (
				730E198A20AE6E3A00BACDAA /* BindableType.swift in Sources */,
				730E197220AE617600BACDAA /* AppDelegate.swift in Sources */,
			);
			runOnlyForDeploymentPostprocessing = 0;
		};
/* End PBXSourcesBuildPhase section */

/* Begin PBXVariantGroup section */
		730E197520AE617600BACDAA /* Main.storyboard */ = {
			isa = PBXVariantGroup;
			children = (
				730E197620AE617600BACDAA /* Base */,
			);
			name = Main.storyboard;
			sourceTree = "<group>";
		};
		730E197A20AE617700BACDAA /* LaunchScreen.storyboard */ = {
			isa = PBXVariantGroup;
			children = (
				730E197B20AE617700BACDAA /* Base */,
			);
			name = LaunchScreen.storyboard;
			sourceTree = "<group>";
		};
/* End PBXVariantGroup section */

/* Begin XCBuildConfiguration section */
		730E197E20AE617700BACDAA /* Debug */ = {
			isa = XCBuildConfiguration;
			buildSettings = {
				ALWAYS_SEARCH_USER_PATHS = NO;
				CLANG_ANALYZER_NONNULL = YES;
				CLANG_ANALYZER_NUMBER_OBJECT_CONVERSION = YES_AGGRESSIVE;
				CLANG_CXX_LANGUAGE_STANDARD = "gnu++14";
				CLANG_CXX_LIBRARY = "libc++";
				CLANG_ENABLE_MODULES = YES;
				CLANG_ENABLE_OBJC_ARC = YES;
				CLANG_ENABLE_OBJC_WEAK = YES;
				CLANG_WARN_BLOCK_CAPTURE_AUTORELEASING = YES;
				CLANG_WARN_BOOL_CONVERSION = YES;
				CLANG_WARN_COMMA = YES;
				CLANG_WARN_CONSTANT_CONVERSION = YES;
				CLANG_WARN_DEPRECATED_OBJC_IMPLEMENTATIONS = YES;
				CLANG_WARN_DIRECT_OBJC_ISA_USAGE = YES_ERROR;
				CLANG_WARN_DOCUMENTATION_COMMENTS = YES;
				CLANG_WARN_EMPTY_BODY = YES;
				CLANG_WARN_ENUM_CONVERSION = YES;
				CLANG_WARN_INFINITE_RECURSION = YES;
				CLANG_WARN_INT_CONVERSION = YES;
				CLANG_WARN_NON_LITERAL_NULL_CONVERSION = YES;
				CLANG_WARN_OBJC_IMPLICIT_RETAIN_SELF = YES;
				CLANG_WARN_OBJC_LITERAL_CONVERSION = YES;
				CLANG_WARN_OBJC_ROOT_CLASS = YES_ERROR;
				CLANG_WARN_RANGE_LOOP_ANALYSIS = YES;
				CLANG_WARN_STRICT_PROTOTYPES = YES;
				CLANG_WARN_SUSPICIOUS_MOVE = YES;
				CLANG_WARN_UNGUARDED_AVAILABILITY = YES_AGGRESSIVE;
				CLANG_WARN_UNREACHABLE_CODE = YES;
				CLANG_WARN__DUPLICATE_METHOD_MATCH = YES;
				CODE_SIGN_IDENTITY = "iPhone Developer";
				COPY_PHASE_STRIP = NO;
				DEBUG_INFORMATION_FORMAT = dwarf;
				ENABLE_STRICT_OBJC_MSGSEND = YES;
				ENABLE_TESTABILITY = YES;
				GCC_C_LANGUAGE_STANDARD = gnu11;
				GCC_DYNAMIC_NO_PIC = NO;
				GCC_NO_COMMON_BLOCKS = YES;
				GCC_OPTIMIZATION_LEVEL = 0;
				GCC_PREPROCESSOR_DEFINITIONS = (
					"DEBUG=1",
					"$(inherited)",
				);
				GCC_WARN_64_TO_32_BIT_CONVERSION = YES;
				GCC_WARN_ABOUT_RETURN_TYPE = YES_ERROR;
				GCC_WARN_UNDECLARED_SELECTOR = YES;
				GCC_WARN_UNINITIALIZED_AUTOS = YES_AGGRESSIVE;
				GCC_WARN_UNUSED_FUNCTION = YES;
				GCC_WARN_UNUSED_VARIABLE = YES;
				IPHONEOS_DEPLOYMENT_TARGET = 11.3;
				MTL_ENABLE_DEBUG_INFO = YES;
				ONLY_ACTIVE_ARCH = YES;
				SDKROOT = iphoneos;
				SWIFT_ACTIVE_COMPILATION_CONDITIONS = DEBUG;
				SWIFT_OPTIMIZATION_LEVEL = "-Onone";
			};
			name = Debug;
		};
		730E197F20AE617700BACDAA /* Release */ = {
			isa = XCBuildConfiguration;
			buildSettings = {
				ALWAYS_SEARCH_USER_PATHS = NO;
				CLANG_ANALYZER_NONNULL = YES;
				CLANG_ANALYZER_NUMBER_OBJECT_CONVERSION = YES_AGGRESSIVE;
				CLANG_CXX_LANGUAGE_STANDARD = "gnu++14";
				CLANG_CXX_LIBRARY = "libc++";
				CLANG_ENABLE_MODULES = YES;
				CLANG_ENABLE_OBJC_ARC = YES;
				CLANG_ENABLE_OBJC_WEAK = YES;
				CLANG_WARN_BLOCK_CAPTURE_AUTORELEASING = YES;
				CLANG_WARN_BOOL_CONVERSION = YES;
				CLANG_WARN_COMMA = YES;
				CLANG_WARN_CONSTANT_CONVERSION = YES;
				CLANG_WARN_DEPRECATED_OBJC_IMPLEMENTATIONS = YES;
				CLANG_WARN_DIRECT_OBJC_ISA_USAGE = YES_ERROR;
				CLANG_WARN_DOCUMENTATION_COMMENTS = YES;
				CLANG_WARN_EMPTY_BODY = YES;
				CLANG_WARN_ENUM_CONVERSION = YES;
				CLANG_WARN_INFINITE_RECURSION = YES;
				CLANG_WARN_INT_CONVERSION = YES;
				CLANG_WARN_NON_LITERAL_NULL_CONVERSION = YES;
				CLANG_WARN_OBJC_IMPLICIT_RETAIN_SELF = YES;
				CLANG_WARN_OBJC_LITERAL_CONVERSION = YES;
				CLANG_WARN_OBJC_ROOT_CLASS = YES_ERROR;
				CLANG_WARN_RANGE_LOOP_ANALYSIS = YES;
				CLANG_WARN_STRICT_PROTOTYPES = YES;
				CLANG_WARN_SUSPICIOUS_MOVE = YES;
				CLANG_WARN_UNGUARDED_AVAILABILITY = YES_AGGRESSIVE;
				CLANG_WARN_UNREACHABLE_CODE = YES;
				CLANG_WARN__DUPLICATE_METHOD_MATCH = YES;
				CODE_SIGN_IDENTITY = "iPhone Developer";
				COPY_PHASE_STRIP = NO;
				DEBUG_INFORMATION_FORMAT = "dwarf-with-dsym";
				ENABLE_NS_ASSERTIONS = NO;
				ENABLE_STRICT_OBJC_MSGSEND = YES;
				GCC_C_LANGUAGE_STANDARD = gnu11;
				GCC_NO_COMMON_BLOCKS = YES;
				GCC_WARN_64_TO_32_BIT_CONVERSION = YES;
				GCC_WARN_ABOUT_RETURN_TYPE = YES_ERROR;
				GCC_WARN_UNDECLARED_SELECTOR = YES;
				GCC_WARN_UNINITIALIZED_AUTOS = YES_AGGRESSIVE;
				GCC_WARN_UNUSED_FUNCTION = YES;
				GCC_WARN_UNUSED_VARIABLE = YES;
				IPHONEOS_DEPLOYMENT_TARGET = 11.3;
				MTL_ENABLE_DEBUG_INFO = NO;
				SDKROOT = iphoneos;
				SWIFT_COMPILATION_MODE = wholemodule;
				SWIFT_OPTIMIZATION_LEVEL = "-O";
				VALIDATE_PRODUCT = YES;
			};
			name = Release;
		};
		730E198120AE617700BACDAA /* Debug */ = {
			isa = XCBuildConfiguration;
			baseConfigurationReference = CC975916B8342FACF0339A65 /* Pods-MyList.debug.xcconfig */;
			buildSettings = {
				ASSETCATALOG_COMPILER_APPICON_NAME = AppIcon;
				CODE_SIGN_STYLE = Automatic;
				DEVELOPMENT_TEAM = 9F26XL4W94;
				INFOPLIST_FILE = "$(SRCROOT)/MyList/Info.plist";
				LD_RUNPATH_SEARCH_PATHS = "$(inherited) @executable_path/Frameworks";
				PRODUCT_BUNDLE_IDENTIFIER = com.villou.MyList;
				PRODUCT_NAME = "$(TARGET_NAME)";
				SWIFT_VERSION = 4.0;
				TARGETED_DEVICE_FAMILY = "1,2";
			};
			name = Debug;
		};
		730E198220AE617700BACDAA /* Release */ = {
			isa = XCBuildConfiguration;
			baseConfigurationReference = EAA9BEB5D7D777395150B180 /* Pods-MyList.release.xcconfig */;
			buildSettings = {
				ASSETCATALOG_COMPILER_APPICON_NAME = AppIcon;
				CODE_SIGN_STYLE = Automatic;
				DEVELOPMENT_TEAM = 9F26XL4W94;
				INFOPLIST_FILE = "$(SRCROOT)/MyList/Info.plist";
				LD_RUNPATH_SEARCH_PATHS = "$(inherited) @executable_path/Frameworks";
				PRODUCT_BUNDLE_IDENTIFIER = com.villou.MyList;
				PRODUCT_NAME = "$(TARGET_NAME)";
				SWIFT_VERSION = 4.0;
				TARGETED_DEVICE_FAMILY = "1,2";
			};
			name = Release;
		};
/* End XCBuildConfiguration section */

/* Begin XCConfigurationList section */
		730E196920AE617600BACDAA /* Build configuration list for PBXProject "MyList" */ = {
			isa = XCConfigurationList;
			buildConfigurations = (
				730E197E20AE617700BACDAA /* Debug */,
				730E197F20AE617700BACDAA /* Release */,
			);
			defaultConfigurationIsVisible = 0;
			defaultConfigurationName = Release;
		};
		730E198020AE617700BACDAA /* Build configuration list for PBXNativeTarget "MyList" */ = {
			isa = XCConfigurationList;
			buildConfigurations = (
				730E198120AE617700BACDAA /* Debug */,
				730E198220AE617700BACDAA /* Release */,
			);
			defaultConfigurationIsVisible = 0;
			defaultConfigurationName = Release;
		};
/* End XCConfigurationList section */
	};
	rootObject = 730E196620AE617600BACDAA /* Project object */;
}
